
Microsoft Visual Studio Solution File, Format Version 12.00
# Visual Studio Version 16
VisualStudioVersion = 16.0.31129.286
MinimumVisualStudioVersion = 10.0.40219.1
Project("{FAE04EC0-301F-11D3-BF4B-00C04F79EFBC}") = "Zadanie1_dsr", "Zadanie1_dsr\Zadanie1_dsr.csproj", "{CED1E921-2F26-4C7D-8270-AB7AD6F58E58}"
EndProject
Global
	GlobalSection(SolutionConfigurationPlatforms) = preSolution
		Debug|Any CPU = Debug|Any CPU
		Release|Any CPU = Release|Any CPU
	EndGlobalSection
	GlobalSection(ProjectConfigurationPlatforms) = postSolution
		{CED1E921-2F26-4C7D-8270-AB7AD6F58E58}.Debug|Any CPU.ActiveCfg = Debug|Any CPU
		{CED1E921-2F26-4C7D-8270-AB7AD6F58E58}.Debug|Any CPU.Build.0 = Debug|Any CPU
		{CED1E921-2F26-4C7D-8270-AB7AD6F58E58}.Release|Any CPU.ActiveCfg = Release|Any CPU
		{CED1E921-2F26-4C7D-8270-AB7AD6F58E58}.Release|Any CPU.Build.0 = Release|Any CPU
	EndGlobalSection
	GlobalSection(SolutionProperties) = preSolution
		HideSolutionNode = FALSE
	EndGlobalSection
	GlobalSection(ExtensibilityGlobals) = postSolution
		SolutionGuid = {C0277C22-D8C5-4493-9880-B8807D9215AB}
	EndGlobalSection
EndGlobal
